
Microsoft Visual Studio Solution File, Format Version 12.00
# Visual Studio Version 16
VisualStudioVersion = 16.0.32126.315
MinimumVisualStudioVersion = 10.0.40219.1
Project("{FAE04EC0-301F-11D3-BF4B-00C04F79EFBC}") = "TrainingHW4", "TrainingHW4\TrainingHW4.csproj", "{F470C276-14E3-4D6C-B692-66FFF63BC378}"
EndProject
Global
	GlobalSection(SolutionConfigurationPlatforms) = preSolution
		Debug|Any CPU = Debug|Any CPU
		Release|Any CPU = Release|Any CPU
	EndGlobalSection
	GlobalSection(ProjectConfigurationPlatforms) = postSolution
		{F470C276-14E3-4D6C-B692-66FFF63BC378}.Debug|Any CPU.ActiveCfg = Debug|Any CPU
		{F470C276-14E3-4D6C-B692-66FFF63BC378}.Debug|Any CPU.Build.0 = Debug|Any CPU
		{F470C276-14E3-4D6C-B692-66FFF63BC378}.Release|Any CPU.ActiveCfg = Release|Any CPU
		{F470C276-14E3-4D6C-B692-66FFF63BC378}.Release|Any CPU.Build.0 = Release|Any CPU
	EndGlobalSection
	GlobalSection(SolutionProperties) = preSolution
		HideSolutionNode = FALSE
	EndGlobalSection
	GlobalSection(ExtensibilityGlobals) = postSolution
		SolutionGuid = {81965730-DAEE-4DA5-9639-09AF3FA98663}
	EndGlobalSection
EndGlobal
