
Microsoft Visual Studio Solution File, Format Version 12.00
# Visual Studio Version 16
VisualStudioVersion = 16.0.32126.315
MinimumVisualStudioVersion = 10.0.40219.1
Project("{FAE04EC0-301F-11D3-BF4B-00C04F79EFBC}") = "TrainingHW2", "TrainingHW2\TrainingHW2.csproj", "{E8EABC26-7AD8-496D-9FDF-4D82CC93D1BC}"
EndProject
Global
	GlobalSection(SolutionConfigurationPlatforms) = preSolution
		Debug|Any CPU = Debug|Any CPU
		Release|Any CPU = Release|Any CPU
	EndGlobalSection
	GlobalSection(ProjectConfigurationPlatforms) = postSolution
		{E8EABC26-7AD8-496D-9FDF-4D82CC93D1BC}.Debug|Any CPU.ActiveCfg = Debug|Any CPU
		{E8EABC26-7AD8-496D-9FDF-4D82CC93D1BC}.Debug|Any CPU.Build.0 = Debug|Any CPU
		{E8EABC26-7AD8-496D-9FDF-4D82CC93D1BC}.Release|Any CPU.ActiveCfg = Release|Any CPU
		{E8EABC26-7AD8-496D-9FDF-4D82CC93D1BC}.Release|Any CPU.Build.0 = Release|Any CPU
	EndGlobalSection
	GlobalSection(SolutionProperties) = preSolution
		HideSolutionNode = FALSE
	EndGlobalSection
	GlobalSection(ExtensibilityGlobals) = postSolution
		SolutionGuid = {A04CB9A5-0693-404D-9D86-7A5313B71BAD}
	EndGlobalSection
EndGlobal
