
Microsoft Visual Studio Solution File, Format Version 12.00
# Visual Studio Version 16
VisualStudioVersion = 16.0.32126.315
MinimumVisualStudioVersion = 10.0.40219.1
Project("{FAE04EC0-301F-11D3-BF4B-00C04F79EFBC}") = "TrainingHW9", "TrainingHW9\TrainingHW9.csproj", "{F858E733-AA00-497E-804A-908A3EA59C0C}"
EndProject
Global
	GlobalSection(SolutionConfigurationPlatforms) = preSolution
		Debug|Any CPU = Debug|Any CPU
		Release|Any CPU = Release|Any CPU
	EndGlobalSection
	GlobalSection(ProjectConfigurationPlatforms) = postSolution
		{F858E733-AA00-497E-804A-908A3EA59C0C}.Debug|Any CPU.ActiveCfg = Debug|Any CPU
		{F858E733-AA00-497E-804A-908A3EA59C0C}.Debug|Any CPU.Build.0 = Debug|Any CPU
		{F858E733-AA00-497E-804A-908A3EA59C0C}.Release|Any CPU.ActiveCfg = Release|Any CPU
		{F858E733-AA00-497E-804A-908A3EA59C0C}.Release|Any CPU.Build.0 = Release|Any CPU
	EndGlobalSection
	GlobalSection(SolutionProperties) = preSolution
		HideSolutionNode = FALSE
	EndGlobalSection
	GlobalSection(ExtensibilityGlobals) = postSolution
		SolutionGuid = {7959E8DB-3684-43CE-88E8-51641C12627D}
	EndGlobalSection
EndGlobal
